// !$*UTF8*$!
{
	archiveVersion = 1;
	classes = {
	};
	objectVersion = 55;
	objects = {

/* Begin PBXBuildFile section */
		6706B397291FC3F500D3F9EC /* AppDelegate.swift in Sources */ = {isa = PBXBuildFile; fileRef = 6706B396291FC3F500D3F9EC /* AppDelegate.swift */; };
		6706B399291FC3F500D3F9EC /* SceneDelegate.swift in Sources */ = {isa = PBXBuildFile; fileRef = 6706B398291FC3F500D3F9EC /* SceneDelegate.swift */; };
		6706B39B291FC3F500D3F9EC /* ViewController.swift in Sources */ = {isa = PBXBuildFile; fileRef = 6706B39A291FC3F500D3F9EC /* ViewController.swift */; };
		6706B39E291FC3F500D3F9EC /* Main.storyboard in Resources */ = {isa = PBXBuildFile; fileRef = 6706B39C291FC3F500D3F9EC /* Main.storyboard */; };
		6706B3A0291FC3F800D3F9EC /* Assets.xcassets in Resources */ = {isa = PBXBuildFile; fileRef = 6706B39F291FC3F800D3F9EC /* Assets.xcassets */; };
		6706B3A3291FC3F800D3F9EC /* LaunchScreen.storyboard in Resources */ = {isa = PBXBuildFile; fileRef = 6706B3A1291FC3F800D3F9EC /* LaunchScreen.storyboard */; };
		6706B3AE291FC3F800D3F9EC /* webviewDemoTests.swift in Sources */ = {isa = PBXBuildFile; fileRef = 6706B3AD291FC3F800D3F9EC /* webviewDemoTests.swift */; };
		6706B3B8291FC3F800D3F9EC /* webviewDemoUITests.swift in Sources */ = {isa = PBXBuildFile; fileRef = 6706B3B7291FC3F800D3F9EC /* webviewDemoUITests.swift */; };
		6706B3BA291FC3F800D3F9EC /* webviewDemoUITestsLaunchTests.swift in Sources */ = {isa = PBXBuildFile; fileRef = 6706B3B9291FC3F800D3F9EC /* webviewDemoUITestsLaunchTests.swift */; };
/* End PBXBuildFile section */

/* Begin PBXContainerItemProxy section */
		6706B3AA291FC3F800D3F9EC /* PBXContainerItemProxy */ = {
			isa = PBXContainerItemProxy;
			containerPortal = 6706B38B291FC3F500D3F9EC /* Project object */;
			proxyType = 1;
			remoteGlobalIDString = 6706B392291FC3F500D3F9EC;
			remoteInfo = webviewDemo;
		};
		6706B3B4291FC3F800D3F9EC /* PBXContainerItemProxy */ = {
			isa = PBXContainerItemProxy;
			containerPortal = 6706B38B291FC3F500D3F9EC /* Project object */;
			proxyType = 1;
			remoteGlobalIDString = 6706B392291FC3F500D3F9EC;
			remoteInfo = webviewDemo;
		};
/* End PBXContainerItemProxy section */

/* Begin PBXFileReference section */
		6706B393291FC3F500D3F9EC /* webviewDemo.app */ = {isa = PBXFileReference; explicitFileType = wrapper.application; includeInIndex = 0; path = webviewDemo.app; sourceTree = BUILT_PRODUCTS_DIR; };
		6706B396291FC3F500D3F9EC /* AppDelegate.swift */ = {isa = PBXFileReference; lastKnownFileType = sourcecode.swift; path = AppDelegate.swift; sourceTree = "<group>"; };
		6706B398291FC3F500D3F9EC /* SceneDelegate.swift */ = {isa = PBXFileReference; lastKnownFileType = sourcecode.swift; path = SceneDelegate.swift; sourceTree = "<group>"; };
		6706B39A291FC3F500D3F9EC /* ViewController.swift */ = {isa = PBXFileReference; lastKnownFileType = sourcecode.swift; path = ViewController.swift; sourceTree = "<group>"; };
		6706B39D291FC3F500D3F9EC /* Base */ = {isa = PBXFileReference; lastKnownFileType = file.storyboard; name = Base; path = Base.lproj/Main.storyboard; sourceTree = "<group>"; };
		6706B39F291FC3F800D3F9EC /* Assets.xcassets */ = {isa = PBXFileReference; lastKnownFileType = folder.assetcatalog; path = Assets.xcassets; sourceTree = "<group>"; };
		6706B3A2291FC3F800D3F9EC /* Base */ = {isa = PBXFileReference; lastKnownFileType = file.storyboard; name = Base; path = Base.lproj/LaunchScreen.storyboard; sourceTree = "<group>"; };
		6706B3A4291FC3F800D3F9EC /* Info.plist */ = {isa = PBXFileReference; lastKnownFileType = text.plist.xml; path = Info.plist; sourceTree = "<group>"; };
		6706B3A9291FC3F800D3F9EC /* webviewDemoTests.xctest */ = {isa = PBXFileReference; explicitFileType = wrapper.cfbundle; includeInIndex = 0; path = webviewDemoTests.xctest; sourceTree = BUILT_PRODUCTS_DIR; };
		6706B3AD291FC3F800D3F9EC /* webviewDemoTests.swift */ = {isa = PBXFileReference; lastKnownFileType = sourcecode.swift; path = webviewDemoTests.swift; sourceTree = "<group>"; };
		6706B3B3291FC3F800D3F9EC /* webviewDemoUITests.xctest */ = {isa = PBXFileReference; explicitFileType = wrapper.cfbundle; includeInIndex = 0; path = webviewDemoUITests.xctest; sourceTree = BUILT_PRODUCTS_DIR; };
		6706B3B7291FC3F800D3F9EC /* webviewDemoUITests.swift */ = {isa = PBXFileReference; lastKnownFileType = sourcecode.swift; path = webviewDemoUITests.swift; sourceTree = "<group>"; };
		6706B3B9291FC3F800D3F9EC /* webviewDemoUITestsLaunchTests.swift */ = {isa = PBXFileReference; lastKnownFileType = sourcecode.swift; path = webviewDemoUITestsLaunchTests.swift; sourceTree = "<group>"; };
/* End PBXFileReference section */

/* Begin PBXFrameworksBuildPhase section */
		6706B390291FC3F500D3F9EC /* Frameworks */ = {
			isa = PBXFrameworksBuildPhase;
			buildActionMask = 2147483647;
			files = (
			);
			runOnlyForDeploymentPostprocessing = 0;
		};
		6706B3A6291FC3F800D3F9EC /* Frameworks */ = {
			isa = PBXFrameworksBuildPhase;
			buildActionMask = 2147483647;
			files = (
			);
			runOnlyForDeploymentPostprocessing = 0;
		};
		6706B3B0291FC3F800D3F9EC /* Frameworks */ = {
			isa = PBXFrameworksBuildPhase;
			buildActionMask = 2147483647;
			files = (
			);
			runOnlyForDeploymentPostprocessing = 0;
		};
/* End PBXFrameworksBuildPhase section */

/* Begin PBXGroup section */
		6706B38A291FC3F500D3F9EC = {
			isa = PBXGroup;
			children = (
				6706B395291FC3F500D3F9EC /* webviewDemo */,
				6706B3AC291FC3F800D3F9EC /* webviewDemoTests */,
				6706B3B6291FC3F800D3F9EC /* webviewDemoUITests */,
				6706B394291FC3F500D3F9EC /* Products */,
			);
			sourceTree = "<group>";
		};
		6706B394291FC3F500D3F9EC /* Products */ = {
			isa = PBXGroup;
			children = (
				6706B393291FC3F500D3F9EC /* webviewDemo.app */,
				6706B3A9291FC3F800D3F9EC /* webviewDemoTests.xctest */,
				6706B3B3291FC3F800D3F9EC /* webviewDemoUITests.xctest */,
			);
			name = Products;
			sourceTree = "<group>";
		};
		6706B395291FC3F500D3F9EC /* webviewDemo */ = {
			isa = PBXGroup;
			children = (
				6706B396291FC3F500D3F9EC /* AppDelegate.swift */,
				6706B398291FC3F500D3F9EC /* SceneDelegate.swift */,
				6706B39A291FC3F500D3F9EC /* ViewController.swift */,
				6706B39C291FC3F500D3F9EC /* Main.storyboard */,
				6706B39F291FC3F800D3F9EC /* Assets.xcassets */,
				6706B3A1291FC3F800D3F9EC /* LaunchScreen.storyboard */,
				6706B3A4291FC3F800D3F9EC /* Info.plist */,
			);
			path = webviewDemo;
			sourceTree = "<group>";
		};
		6706B3AC291FC3F800D3F9EC /* webviewDemoTests */ = {
			isa = PBXGroup;
			children = (
				6706B3AD291FC3F800D3F9EC /* webviewDemoTests.swift */,
			);
			path = webviewDemoTests;
			sourceTree = "<group>";
		};
		6706B3B6291FC3F800D3F9EC /* webviewDemoUITests */ = {
			isa = PBXGroup;
			children = (
				6706B3B7291FC3F800D3F9EC /* webviewDemoUITests.swift */,
				6706B3B9291FC3F800D3F9EC /* webviewDemoUITestsLaunchTests.swift */,
			);
			path = webviewDemoUITests;
			sourceTree = "<group>";
		};
/* End PBXGroup section */

/* Begin PBXNativeTarget section */
		6706B392291FC3F500D3F9EC /* webviewDemo */ = {
			isa = PBXNativeTarget;
			buildConfigurationList = 6706B3BD291FC3F800D3F9EC /* Build configuration list for PBXNativeTarget "webviewDemo" */;
			buildPhases = (
				6706B38F291FC3F500D3F9EC /* Sources */,
				6706B390291FC3F500D3F9EC /* Frameworks */,
				6706B391291FC3F500D3F9EC /* Resources */,
			);
			buildRules = (
			);
			dependencies = (
			);
			name = webviewDemo;
			productName = webviewDemo;
			productReference = 6706B393291FC3F500D3F9EC /* webviewDemo.app */;
			productType = "com.apple.product-type.application";
		};
		6706B3A8291FC3F800D3F9EC /* webviewDemoTests */ = {
			isa = PBXNativeTarget;
			buildConfigurationList = 6706B3C0291FC3F800D3F9EC /* Build configuration list for PBXNativeTarget "webviewDemoTests" */;
			buildPhases = (
				6706B3A5291FC3F800D3F9EC /* Sources */,
				6706B3A6291FC3F800D3F9EC /* Frameworks */,
				6706B3A7291FC3F800D3F9EC /* Resources */,
			);
			buildRules = (
			);
			dependencies = (
				6706B3AB291FC3F800D3F9EC /* PBXTargetDependency */,
			);
			name = webviewDemoTests;
			productName = webviewDemoTests;
			productReference = 6706B3A9291FC3F800D3F9EC /* webviewDemoTests.xctest */;
			productType = "com.apple.product-type.bundle.unit-test";
		};
		6706B3B2291FC3F800D3F9EC /* webviewDemoUITests */ = {
			isa = PBXNativeTarget;
			buildConfigurationList = 6706B3C3291FC3F800D3F9EC /* Build configuration list for PBXNativeTarget "webviewDemoUITests" */;
			buildPhases = (
				6706B3AF291FC3F800D3F9EC /* Sources */,
				6706B3B0291FC3F800D3F9EC /* Frameworks */,
				6706B3B1291FC3F800D3F9EC /* Resources */,
			);
			buildRules = (
			);
			dependencies = (
				6706B3B5291FC3F800D3F9EC /* PBXTargetDependency */,
			);
			name = webviewDemoUITests;
			productName = webviewDemoUITests;
			productReference = 6706B3B3291FC3F800D3F9EC /* webviewDemoUITests.xctest */;
			productType = "com.apple.product-type.bundle.ui-testing";
		};
/* End PBXNativeTarget section */

/* Begin PBXProject section */
		6706B38B291FC3F500D3F9EC /* Project object */ = {
			isa = PBXProject;
			attributes = {
				BuildIndependentTargetsInParallel = 1;
				LastSwiftUpdateCheck = 1340;
				LastUpgradeCheck = 1340;
				TargetAttributes = {
					6706B392291FC3F500D3F9EC = {
						CreatedOnToolsVersion = 13.4.1;
					};
					6706B3A8291FC3F800D3F9EC = {
						CreatedOnToolsVersion = 13.4.1;
						TestTargetID = 6706B392291FC3F500D3F9EC;
					};
					6706B3B2291FC3F800D3F9EC = {
						CreatedOnToolsVersion = 13.4.1;
						TestTargetID = 6706B392291FC3F500D3F9EC;
					};
				};
			};
			buildConfigurationList = 6706B38E291FC3F500D3F9EC /* Build configuration list for PBXProject "webviewDemo" */;
			compatibilityVersion = "Xcode 13.0";
			developmentRegion = en;
			hasScannedForEncodings = 0;
			knownRegions = (
				en,
				Base,
			);
			mainGroup = 6706B38A291FC3F500D3F9EC;
			productRefGroup = 6706B394291FC3F500D3F9EC /* Products */;
			projectDirPath = "";
			projectRoot = "";
			targets = (
				6706B392291FC3F500D3F9EC /* webviewDemo */,
				6706B3A8291FC3F800D3F9EC /* webviewDemoTests */,
				6706B3B2291FC3F800D3F9EC /* webviewDemoUITests */,
			);
		};
/* End PBXProject section */

/* Begin PBXResourcesBuildPhase section */
		6706B391291FC3F500D3F9EC /* Resources */ = {
			isa = PBXResourcesBuildPhase;
			buildActionMask = 2147483647;
			files = (
				6706B3A3291FC3F800D3F9EC /* LaunchScreen.storyboard in Resources */,
				6706B3A0291FC3F800D3F9EC /* Assets.xcassets in Resources */,
				6706B39E291FC3F500D3F9EC /* Main.storyboard in Resources */,
			);
			runOnlyForDeploymentPostprocessing = 0;
		};
		6706B3A7291FC3F800D3F9EC /* Resources */ = {
			isa = PBXResourcesBuildPhase;
			buildActionMask = 2147483647;
			files = (
			);
			runOnlyForDeploymentPostprocessing = 0;
		};
		6706B3B1291FC3F800D3F9EC /* Resources */ = {
			isa = PBXResourcesBuildPhase;
			buildActionMask = 2147483647;
			files = (
			);
			runOnlyForDeploymentPostprocessing = 0;
		};
/* End PBXResourcesBuildPhase section */

/* Begin PBXSourcesBuildPhase section */
		6706B38F291FC3F500D3F9EC /* Sources */ = {
			isa = PBXSourcesBuildPhase;
			buildActionMask = 2147483647;
			files = (
				6706B39B291FC3F500D3F9EC /* ViewController.swift in Sources */,
				6706B397291FC3F500D3F9EC /* AppDelegate.swift in Sources */,
				6706B399291FC3F500D3F9EC /* SceneDelegate.swift in Sources */,
			);
			runOnlyForDeploymentPostprocessing = 0;
		};
		6706B3A5291FC3F800D3F9EC /* Sources */ = {
			isa = PBXSourcesBuildPhase;
			buildActionMask = 2147483647;
			files = (
				6706B3AE291FC3F800D3F9EC /* webviewDemoTests.swift in Sources */,
			);
			runOnlyForDeploymentPostprocessing = 0;
		};
		6706B3AF291FC3F800D3F9EC /* Sources */ = {
			isa = PBXSourcesBuildPhase;
			buildActionMask = 2147483647;
			files = (
				6706B3B8291FC3F800D3F9EC /* webviewDemoUITests.swift in Sources */,
				6706B3BA291FC3F800D3F9EC /* webviewDemoUITestsLaunchTests.swift in Sources */,
			);
			runOnlyForDeploymentPostprocessing = 0;
		};
/* End PBXSourcesBuildPhase section */

/* Begin PBXTargetDependency section */
		6706B3AB291FC3F800D3F9EC /* PBXTargetDependency */ = {
			isa = PBXTargetDependency;
			target = 6706B392291FC3F500D3F9EC /* webviewDemo */;
			targetProxy = 6706B3AA291FC3F800D3F9EC /* PBXContainerItemProxy */;
		};
		6706B3B5291FC3F800D3F9EC /* PBXTargetDependency */ = {
			isa = PBXTargetDependency;
			target = 6706B392291FC3F500D3F9EC /* webviewDemo */;
			targetProxy = 6706B3B4291FC3F800D3F9EC /* PBXContainerItemProxy */;
		};
/* End PBXTargetDependency section */

/* Begin PBXVariantGroup section */
		6706B39C291FC3F500D3F9EC /* Main.storyboard */ = {
			isa = PBXVariantGroup;
			children = (
				6706B39D291FC3F500D3F9EC /* Base */,
			);
			name = Main.storyboard;
			sourceTree = "<group>";
		};
		6706B3A1291FC3F800D3F9EC /* LaunchScreen.storyboard */ = {
			isa = PBXVariantGroup;
			children = (
				6706B3A2291FC3F800D3F9EC /* Base */,
			);
			name = LaunchScreen.storyboard;
			sourceTree = "<group>";
		};
/* End PBXVariantGroup section */

/* Begin XCBuildConfiguration section */
		6706B3BB291FC3F800D3F9EC /* Debug */ = {
			isa = XCBuildConfiguration;
			buildSettings = {
				ALWAYS_SEARCH_USER_PATHS = NO;
				CLANG_ANALYZER_NONNULL = YES;
				CLANG_ANALYZER_NUMBER_OBJECT_CONVERSION = YES_AGGRESSIVE;
				CLANG_CXX_LANGUAGE_STANDARD = "gnu++17";
				CLANG_ENABLE_MODULES = YES;
				CLANG_ENABLE_OBJC_ARC = YES;
				CLANG_ENABLE_OBJC_WEAK = YES;
				CLANG_WARN_BLOCK_CAPTURE_AUTORELEASING = YES;
				CLANG_WARN_BOOL_CONVERSION = YES;
				CLANG_WARN_COMMA = YES;
				CLANG_WARN_CONSTANT_CONVERSION = YES;
				CLANG_WARN_DEPRECATED_OBJC_IMPLEMENTATIONS = YES;
				CLANG_WARN_DIRECT_OBJC_ISA_USAGE = YES_ERROR;
				CLANG_WARN_DOCUMENTATION_COMMENTS = YES;
				CLANG_WARN_EMPTY_BODY = YES;
				CLANG_WARN_ENUM_CONVERSION = YES;
				CLANG_WARN_INFINITE_RECURSION = YES;
				CLANG_WARN_INT_CONVERSION = YES;
				CLANG_WARN_NON_LITERAL_NULL_CONVERSION = YES;
				CLANG_WARN_OBJC_IMPLICIT_RETAIN_SELF = YES;
				CLANG_WARN_OBJC_LITERAL_CONVERSION = YES;
				CLANG_WARN_OBJC_ROOT_CLASS = YES_ERROR;
				CLANG_WARN_QUOTED_INCLUDE_IN_FRAMEWORK_HEADER = YES;
				CLANG_WARN_RANGE_LOOP_ANALYSIS = YES;
				CLANG_WARN_STRICT_PROTOTYPES = YES;
				CLANG_WARN_SUSPICIOUS_MOVE = YES;
				CLANG_WARN_UNGUARDED_AVAILABILITY = YES_AGGRESSIVE;
				CLANG_WARN_UNREACHABLE_CODE = YES;
				CLANG_WARN__DUPLICATE_METHOD_MATCH = YES;
				COPY_PHASE_STRIP = NO;
				DEBUG_INFORMATION_FORMAT = dwarf;
				ENABLE_STRICT_OBJC_MSGSEND = YES;
				ENABLE_TESTABILITY = YES;
				GCC_C_LANGUAGE_STANDARD = gnu11;
				GCC_DYNAMIC_NO_PIC = NO;
				GCC_NO_COMMON_BLOCKS = YES;
				GCC_OPTIMIZATION_LEVEL = 0;
				GCC_PREPROCESSOR_DEFINITIONS = (
					"DEBUG=1",
					"$(inherited)",
				);
				GCC_WARN_64_TO_32_BIT_CONVERSION = YES;
				GCC_WARN_ABOUT_RETURN_TYPE = YES_ERROR;
				GCC_WARN_UNDECLARED_SELECTOR = YES;
				GCC_WARN_UNINITIALIZED_AUTOS = YES_AGGRESSIVE;
				GCC_WARN_UNUSED_FUNCTION = YES;
				GCC_WARN_UNUSED_VARIABLE = YES;
				IPHONEOS_DEPLOYMENT_TARGET = 15.0;
				MTL_ENABLE_DEBUG_INFO = INCLUDE_SOURCE;
				MTL_FAST_MATH = YES;
				ONLY_ACTIVE_ARCH = YES;
				SDKROOT = iphoneos;
				SWIFT_ACTIVE_COMPILATION_CONDITIONS = DEBUG;
				SWIFT_OPTIMIZATION_LEVEL = "-Onone";
			};
			name = Debug;
		};
		6706B3BC291FC3F800D3F9EC /* Release */ = {
			isa = XCBuildConfiguration;
			buildSettings = {
				ALWAYS_SEARCH_USER_PATHS = NO;
				CLANG_ANALYZER_NONNULL = YES;
				CLANG_ANALYZER_NUMBER_OBJECT_CONVERSION = YES_AGGRESSIVE;
				CLANG_CXX_LANGUAGE_STANDARD = "gnu++17";
				CLANG_ENABLE_MODULES = YES;
				CLANG_ENABLE_OBJC_ARC = YES;
				CLANG_ENABLE_OBJC_WEAK = YES;
				CLANG_WARN_BLOCK_CAPTURE_AUTORELEASING = YES;
				CLANG_WARN_BOOL_CONVERSION = YES;
				CLANG_WARN_COMMA = YES;
				CLANG_WARN_CONSTANT_CONVERSION = YES;
				CLANG_WARN_DEPRECATED_OBJC_IMPLEMENTATIONS = YES;
				CLANG_WARN_DIRECT_OBJC_ISA_USAGE = YES_ERROR;
				CLANG_WARN_DOCUMENTATION_COMMENTS = YES;
				CLANG_WARN_EMPTY_BODY = YES;
				CLANG_WARN_ENUM_CONVERSION = YES;
				CLANG_WARN_INFINITE_RECURSION = YES;
				CLANG_WARN_INT_CONVERSION = YES;
				CLANG_WARN_NON_LITERAL_NULL_CONVERSION = YES;
				CLANG_WARN_OBJC_IMPLICIT_RETAIN_SELF = YES;
				CLANG_WARN_OBJC_LITERAL_CONVERSION = YES;
				CLANG_WARN_OBJC_ROOT_CLASS = YES_ERROR;
				CLANG_WARN_QUOTED_INCLUDE_IN_FRAMEWORK_HEADER = YES;
				CLANG_WARN_RANGE_LOOP_ANALYSIS = YES;
				CLANG_WARN_STRICT_PROTOTYPES = YES;
				CLANG_WARN_SUSPICIOUS_MOVE = YES;
				CLANG_WARN_UNGUARDED_AVAILABILITY = YES_AGGRESSIVE;
				CLANG_WARN_UNREACHABLE_CODE = YES;
				CLANG_WARN__DUPLICATE_METHOD_MATCH = YES;
				COPY_PHASE_STRIP = NO;
				DEBUG_INFORMATION_FORMAT = "dwarf-with-dsym";
				ENABLE_NS_ASSERTIONS = NO;
				ENABLE_STRICT_OBJC_MSGSEND = YES;
				GCC_C_LANGUAGE_STANDARD = gnu11;
				GCC_NO_COMMON_BLOCKS = YES;
				GCC_WARN_64_TO_32_BIT_CONVERSION = YES;
				GCC_WARN_ABOUT_RETURN_TYPE = YES_ERROR;
				GCC_WARN_UNDECLARED_SELECTOR = YES;
				GCC_WARN_UNINITIALIZED_AUTOS = YES_AGGRESSIVE;
				GCC_WARN_UNUSED_FUNCTION = YES;
				GCC_WARN_UNUSED_VARIABLE = YES;
				IPHONEOS_DEPLOYMENT_TARGET = 15.0;
				MTL_ENABLE_DEBUG_INFO = NO;
				MTL_FAST_MATH = YES;
				SDKROOT = iphoneos;
				SWIFT_COMPILATION_MODE = wholemodule;
				SWIFT_OPTIMIZATION_LEVEL = "-O";
				VALIDATE_PRODUCT = YES;
			};
			name = Release;
		};
		6706B3BE291FC3F800D3F9EC /* Debug */ = {
			isa = XCBuildConfiguration;
			buildSettings = {
				ASSETCATALOG_COMPILER_APPICON_NAME = AppIcon;
				ASSETCATALOG_COMPILER_GLOBAL_ACCENT_COLOR_NAME = AccentColor;
				CODE_SIGN_STYLE = Automatic;
				CURRENT_PROJECT_VERSION = 1;
				DEVELOPMENT_TEAM = 7357B7AY4H;
				GENERATE_INFOPLIST_FILE = YES;
				INFOPLIST_FILE = webviewDemo/Info.plist;
				INFOPLIST_KEY_UIApplicationSupportsIndirectInputEvents = YES;
				INFOPLIST_KEY_UILaunchStoryboardName = LaunchScreen;
				INFOPLIST_KEY_UIMainStoryboardFile = Main;
				INFOPLIST_KEY_UISupportedInterfaceOrientations_iPad = "UIInterfaceOrientationPortrait UIInterfaceOrientationPortraitUpsideDown UIInterfaceOrientationLandscapeLeft UIInterfaceOrientationLandscapeRight";
				INFOPLIST_KEY_UISupportedInterfaceOrientations_iPhone = "UIInterfaceOrientationPortrait UIInterfaceOrientationLandscapeLeft UIInterfaceOrientationLandscapeRight";
				LD_RUNPATH_SEARCH_PATHS = (
					"$(inherited)",
					"@executable_path/Frameworks",
				);
				MARKETING_VERSION = 1.0;
				PRODUCT_BUNDLE_IDENTIFIER = fm.lizhi.webviewDemo;
				PRODUCT_NAME = "$(TARGET_NAME)";
				SWIFT_EMIT_LOC_STRINGS = YES;
				SWIFT_VERSION = 5.0;
				TARGETED_DEVICE_FAMILY = "1,2";
			};
			name = Debug;
		};
		6706B3BF291FC3F800D3F9EC /* Release */ = {
			isa = XCBuildConfiguration;
			buildSettings = {
				ASSETCATALOG_COMPILER_APPICON_NAME = AppIcon;
				ASSETCATALOG_COMPILER_GLOBAL_ACCENT_COLOR_NAME = AccentColor;
				CODE_SIGN_STYLE = Automatic;
				CURRENT_PROJECT_VERSION = 1;
				DEVELOPMENT_TEAM = 7357B7AY4H;
				GENERATE_INFOPLIST_FILE = YES;
				INFOPLIST_FILE = webviewDemo/Info.plist;
				INFOPLIST_KEY_UIApplicationSupportsIndirectInputEvents = YES;
				INFOPLIST_KEY_UILaunchStoryboardName = LaunchScreen;
				INFOPLIST_KEY_UIMainStoryboardFile = Main;
				INFOPLIST_KEY_UISupportedInterfaceOrientations_iPad = "UIInterfaceOrientationPortrait UIInterfaceOrientationPortraitUpsideDown UIInterfaceOrientationLandscapeLeft UIInterfaceOrientationLandscapeRight";
				INFOPLIST_KEY_UISupportedInterfaceOrientations_iPhone = "UIInterfaceOrientationPortrait UIInterfaceOrientationLandscapeLeft UIInterfaceOrientationLandscapeRight";
				LD_RUNPATH_SEARCH_PATHS = (
					"$(inherited)",
					"@executable_path/Frameworks",
				);
				MARKETING_VERSION = 1.0;
				PRODUCT_BUNDLE_IDENTIFIER = fm.lizhi.webviewDemo;
				PRODUCT_NAME = "$(TARGET_NAME)";
				SWIFT_EMIT_LOC_STRINGS = YES;
				SWIFT_VERSION = 5.0;
				TARGETED_DEVICE_FAMILY = "1,2";
			};
			name = Release;
		};
		6706B3C1291FC3F800D3F9EC /* Debug */ = {
			isa = XCBuildConfiguration;
			buildSettings = {
				ALWAYS_EMBED_SWIFT_STANDARD_LIBRARIES = YES;
				BUNDLE_LOADER = "$(TEST_HOST)";
				CODE_SIGN_STYLE = Automatic;
				CURRENT_PROJECT_VERSION = 1;
				DEVELOPMENT_TEAM = 7357B7AY4H;
				GENERATE_INFOPLIST_FILE = YES;
				IPHONEOS_DEPLOYMENT_TARGET = 15.5;
				MARKETING_VERSION = 1.0;
				PRODUCT_BUNDLE_IDENTIFIER = fm.lizhi.webviewDemoTests;
				PRODUCT_NAME = "$(TARGET_NAME)";
				SWIFT_EMIT_LOC_STRINGS = NO;
				SWIFT_VERSION = 5.0;
				TARGETED_DEVICE_FAMILY = "1,2";
				TEST_HOST = "$(BUILT_PRODUCTS_DIR)/webviewDemo.app/webviewDemo";
			};
			name = Debug;
		};
		6706B3C2291FC3F800D3F9EC /* Release */ = {
			isa = XCBuildConfiguration;
			buildSettings = {
				ALWAYS_EMBED_SWIFT_STANDARD_LIBRARIES = YES;
				BUNDLE_LOADER = "$(TEST_HOST)";
				CODE_SIGN_STYLE = Automatic;
				CURRENT_PROJECT_VERSION = 1;
				DEVELOPMENT_TEAM = 7357B7AY4H;
				GENERATE_INFOPLIST_FILE = YES;
				IPHONEOS_DEPLOYMENT_TARGET = 15.5;
				MARKETING_VERSION = 1.0;
				PRODUCT_BUNDLE_IDENTIFIER = fm.lizhi.webviewDemoTests;
				PRODUCT_NAME = "$(TARGET_NAME)";
				SWIFT_EMIT_LOC_STRINGS = NO;
				SWIFT_VERSION = 5.0;
				TARGETED_DEVICE_FAMILY = "1,2";
				TEST_HOST = "$(BUILT_PRODUCTS_DIR)/webviewDemo.app/webviewDemo";
			};
			name = Release;
		};
		6706B3C4291FC3F800D3F9EC /* Debug */ = {
			isa = XCBuildConfiguration;
			buildSettings = {
				ALWAYS_EMBED_SWIFT_STANDARD_LIBRARIES = YES;
				CODE_SIGN_STYLE = Automatic;
				CURRENT_PROJECT_VERSION = 1;
				DEVELOPMENT_TEAM = 7357B7AY4H;
				GENERATE_INFOPLIST_FILE = YES;
				MARKETING_VERSION = 1.0;
				PRODUCT_BUNDLE_IDENTIFIER = fm.lizhi.webviewDemoUITests;
				PRODUCT_NAME = "$(TARGET_NAME)";
				SWIFT_EMIT_LOC_STRINGS = NO;
				SWIFT_VERSION = 5.0;
				TARGETED_DEVICE_FAMILY = "1,2";
				TEST_TARGET_NAME = webviewDemo;
			};
			name = Debug;
		};
		6706B3C5291FC3F800D3F9EC /* Release */ = {
			isa = XCBuildConfiguration;
			buildSettings = {
				ALWAYS_EMBED_SWIFT_STANDARD_LIBRARIES = YES;
				CODE_SIGN_STYLE = Automatic;
				CURRENT_PROJECT_VERSION = 1;
				DEVELOPMENT_TEAM = 7357B7AY4H;
				GENERATE_INFOPLIST_FILE = YES;
				MARKETING_VERSION = 1.0;
				PRODUCT_BUNDLE_IDENTIFIER = fm.lizhi.webviewDemoUITests;
				PRODUCT_NAME = "$(TARGET_NAME)";
				SWIFT_EMIT_LOC_STRINGS = NO;
				SWIFT_VERSION = 5.0;
				TARGETED_DEVICE_FAMILY = "1,2";
				TEST_TARGET_NAME = webviewDemo;
			};
			name = Release;
		};
/* End XCBuildConfiguration section */

/* Begin XCConfigurationList section */
		6706B38E291FC3F500D3F9EC /* Build configuration list for PBXProject "webviewDemo" */ = {
			isa = XCConfigurationList;
			buildConfigurations = (
				6706B3BB291FC3F800D3F9EC /* Debug */,
				6706B3BC291FC3F800D3F9EC /* Release */,
			);
			defaultConfigurationIsVisible = 0;
			defaultConfigurationName = Release;
		};
		6706B3BD291FC3F800D3F9EC /* Build configuration list for PBXNativeTarget "webviewDemo" */ = {
			isa = XCConfigurationList;
			buildConfigurations = (
				6706B3BE291FC3F800D3F9EC /* Debug */,
				6706B3BF291FC3F800D3F9EC /* Release */,
			);
			defaultConfigurationIsVisible = 0;
			defaultConfigurationName = Release;
		};
		6706B3C0291FC3F800D3F9EC /* Build configuration list for PBXNativeTarget "webviewDemoTests" */ = {
			isa = XCConfigurationList;
			buildConfigurations = (
				6706B3C1291FC3F800D3F9EC /* Debug */,
				6706B3C2291FC3F800D3F9EC /* Release */,
			);
			defaultConfigurationIsVisible = 0;
			defaultConfigurationName = Release;
		};
		6706B3C3291FC3F800D3F9EC /* Build configuration list for PBXNativeTarget "webviewDemoUITests" */ = {
			isa = XCConfigurationList;
			buildConfigurations = (
				6706B3C4291FC3F800D3F9EC /* Debug */,
				6706B3C5291FC3F800D3F9EC /* Release */,
			);
			defaultConfigurationIsVisible = 0;
			defaultConfigurationName = Release;
		};
/* End XCConfigurationList section */
	};
	rootObject = 6706B38B291FC3F500D3F9EC /* Project object */;
}
